{
  "version": 2,
  "dependencies": {
    ".NETStandard,Version=v2.0": {
      "Bluehill.Imports": {
        "type": "Direct",
        "requested": "[1.0.8, )",
        "resolved": "1.0.8",
        "contentHash": "XXpaWibao1/kTRUBTpJjfxvqBWCcEeXPZqWkgclbYzxpV0wAsBSddrlaI2LTzQyLvD6n9bXcGQJ92of8MLEdjQ==",
        "dependencies": {
          "Bluehill.Analyzers": "1.1.0",
          "Roslynator.Analyzers": "4.12.10",
          "Roslynator.Formatting.Analyzers": "4.12.10",
          "SonarAnalyzer.CSharp": "10.4.0.108396"
        }
      },
      "NETStandard.Library": {
        "type": "Direct",
        "requested": "[2.0.3, )",
        "resolved": "2.0.3",
        "contentHash": "st47PosZSHrjECdjeIzZQbzivYBJFv6P2nv4cj2ypdI204DO+vZ7l5raGMiX4eXMJ53RfOIg+/s4DHVZ54Nu2A==",
        "dependencies": {
          "Microsoft.NETCore.Platforms": "1.1.0"
        }
      },
      "Bluehill.Analyzers": {
        "type": "Transitive",
        "resolved": "1.1.0",
        "contentHash": "fO4oXhbdbZ8AMgDc6OXPDSztBojYRC3cbIeq8O/Zdw8IyufVQH6l3i6Ba6WcUQuVL3kn/eMV01L0OITeEI4ArQ=="
      },
      "Microsoft.NETCore.Platforms": {
        "type": "Transitive",
        "resolved": "1.1.0",
        "contentHash": "kz0PEW2lhqygehI/d6XsPCQzD7ff7gUJaVGPVETX611eadGsA3A877GdSlU0LRVMCTH/+P3o2iDTak+S08V2+A=="
      },
      "Roslynator.Analyzers": {
        "type": "Transitive",
        "resolved": "4.12.10",
        "contentHash": "Wecq3nfhTvnJPxX87hKbjMdX1xeCAMJf9rdBX3nQLTntQs9v0fFbUB2eQSSOArXMuFh7MxjLWaL4+b6XMi1NDA=="
      },
      "Roslynator.Formatting.Analyzers": {
        "type": "Transitive",
        "resolved": "4.12.10",
        "contentHash": "Yz0OhQtuECTPBMoURxcv1XKgquVpUcUOpRGac8tormJSJzbMYK8qvVSvjIvQkQOrfYPLFa8aak5200BEAq/X9Q=="
      },
      "SonarAnalyzer.CSharp": {
        "type": "Transitive",
        "resolved": "10.4.0.108396",
        "contentHash": "xGcLZ+dvkVuBbd3sjPur9X+1owSL/iDoxVFJLhMx3/vq1fmoKM2fwvrZ8ReAas6l715GJ/dWU2ckwlrRVopmbg=="
      }
    }
  }
}